
Microsoft Visual Studio Solution File, Format Version 12.00
# Visual Studio Version 17
VisualStudioVersion = 17.13.35931.197 d17.13
MinimumVisualStudioVersion = 10.0.40219.1
Project("{FAE04EC0-301F-11D3-BF4B-00C04F79EFBC}") = "UserManagement.API", "UserManagement.API\UserManagement.API.csproj", "{10DF8D02-9BF6-45CD-95B4-FE77EBA9304E}"
EndProject
Global
	GlobalSection(SolutionConfigurationPlatforms) = preSolution
		Debug|Any CPU = Debug|Any CPU
		Release|Any CPU = Release|Any CPU
	EndGlobalSection
	GlobalSection(ProjectConfigurationPlatforms) = postSolution
		{10DF8D02-9BF6-45CD-95B4-FE77EBA9304E}.Debug|Any CPU.ActiveCfg = Debug|Any CPU
		{10DF8D02-9BF6-45CD-95B4-FE77EBA9304E}.Debug|Any CPU.Build.0 = Debug|Any CPU
		{10DF8D02-9BF6-45CD-95B4-FE77EBA9304E}.Release|Any CPU.ActiveCfg = Release|Any CPU
		{10DF8D02-9BF6-45CD-95B4-FE77EBA9304E}.Release|Any CPU.Build.0 = Release|Any CPU
	EndGlobalSection
	GlobalSection(SolutionProperties) = preSolution
		HideSolutionNode = FALSE
	EndGlobalSection
	GlobalSection(ExtensibilityGlobals) = postSolution
		SolutionGuid = {18CE852B-384C-44F7-A4F4-0AA26B40F9DC}
	EndGlobalSection
EndGlobal
